PODS:
  - Action (4.0.0):
    - RxCocoa (~> 5.0)
    - RxSwift (~> 5.0)
  - Crashlytics (3.14.0):
    - Fabric (~> 1.10.2)
  - Device (3.2.1)
  - Differentiator (4.0.1)
  - EmptyStateKit (1.1.0)
  - Fabric (1.10.2)
  - FBSDKCoreKit (5.13.1):
    - FBSDKCoreKit/Basics (= 5.13.1)
    - FBSDKCoreKit/Core (= 5.13.1)
  - FBSDKCoreKit/Basics (5.13.1)
  - FBSDKCoreKit/Core (5.13.1):
    - FBSDKCoreKit/Basics
  - FBSDKCoreKit/Swift (5.13.1):
    - FBSDKCoreKit/Core
  - FBSDKLoginKit/Login (5.13.1):
    - FBSDKCoreKit (~> 5.0)
  - FBSDKLoginKit/Swift (5.13.1):
    - FBSDKCoreKit/Swift (~> 5.13.1)
    - FBSDKLoginKit/Login
  - FBSDKShareKit/Share (5.13.1):
    - FBSDKCoreKit (~> 5.0)
  - FBSDKShareKit/Swift (5.13.1):
    - FBSDKCoreKit/Swift (~> 5.13.1)
    - FBSDKShareKit/Share
  - Firebase/Analytics (6.14.0):
    - Firebase/Core
  - Firebase/Core (6.14.0):
    - Firebase/CoreOnly
    - FirebaseAnalytics (= 6.1.7)
  - Firebase/CoreOnly (6.14.0):
    - FirebaseCore (= 6.5.0)
  - Firebase/Messaging (6.14.0):
    - Firebase/CoreOnly
    - FirebaseMessaging (~> 4.1.10)
  - Firebase/Performance (6.14.0):
    - Firebase/CoreOnly
    - FirebasePerformance (~> 3.1.8)
  - FirebaseABTesting (3.1.2):
    - FirebaseAnalyticsInterop (~> 1.3)
    - FirebaseCore (~> 6.1)
    - Protobuf (>= 3.9.2, ~> 3.9)
  - FirebaseAnalytics (6.1.7):
    - FirebaseCore (~> 6.5)
    - FirebaseInstanceID (~> 4.2)
    - GoogleAppMeasurement (= 6.1.7)
    - GoogleUtilities/AppDelegateSwizzler (~> 6.0)
    - GoogleUtilities/MethodSwizzler (~> 6.0)
    - GoogleUtilities/Network (~> 6.0)
    - "GoogleUtilities/NSData+zlib (~> 6.0)"
    - nanopb (= 0.3.9011)
  - FirebaseAnalyticsInterop (1.4.0)
  - FirebaseCore (6.5.0):
    - FirebaseCoreDiagnostics (~> 1.0)
    - FirebaseCoreDiagnosticsInterop (~> 1.0)
    - GoogleUtilities/Environment (~> 6.4)
    - GoogleUtilities/Logger (~> 6.4)
  - FirebaseCoreDiagnostics (1.1.2):
    - FirebaseCoreDiagnosticsInterop (~> 1.0)
    - GoogleDataTransportCCTSupport (~> 1.0)
    - GoogleUtilities/Environment (~> 6.2)
    - GoogleUtilities/Logger (~> 6.2)
    - nanopb (~> 0.3.901)
  - FirebaseCoreDiagnosticsInterop (1.1.0)
  - FirebaseInstanceID (4.2.8):
    - FirebaseCore (~> 6.5)
    - GoogleUtilities/Environment (~> 6.4)
    - GoogleUtilities/UserDefaults (~> 6.4)
  - FirebaseMessaging (4.1.10):
    - FirebaseAnalyticsInterop (~> 1.3)
    - FirebaseCore (~> 6.2)
    - FirebaseInstanceID (~> 4.1)
    - GoogleUtilities/AppDelegateSwizzler (~> 6.2)
    - GoogleUtilities/Environment (~> 6.2)
    - GoogleUtilities/Reachability (~> 6.2)
    - GoogleUtilities/UserDefaults (~> 6.2)
    - Protobuf (>= 3.9.2, ~> 3.9)
  - FirebasePerformance (3.1.8):
    - FirebaseCore (~> 6.5)
    - FirebaseInstanceID (~> 4.2)
    - FirebaseRemoteConfig (~> 4.4)
    - GoogleToolboxForMac/Logger (~> 2.1)
    - "GoogleToolboxForMac/NSData+zlib (~> 2.1)"
    - GoogleUtilities/Environment (~> 6.2)
    - GoogleUtilities/ISASwizzler (~> 6.2)
    - GoogleUtilities/MethodSwizzler (~> 6.2)
    - GTMSessionFetcher/Core (~> 1.1)
    - Protobuf (~> 3.9)
  - FirebaseRemoteConfig (4.4.6):
    - FirebaseABTesting (~> 3.1)
    - FirebaseAnalyticsInterop (~> 1.4)
    - FirebaseCore (~> 6.2)
    - FirebaseInstanceID (~> 4.2)
    - GoogleUtilities/Environment (~> 6.2)
    - "GoogleUtilities/NSData+zlib (~> 6.2)"
    - Protobuf (>= 3.9.2, ~> 3.9)
  - FlexColorPicker (1.3.1)
  - Former (1.8.0)
  - GoogleAppMeasurement (6.1.7):
    - GoogleUtilities/AppDelegateSwizzler (~> 6.0)
    - GoogleUtilities/MethodSwizzler (~> 6.0)
    - GoogleUtilities/Network (~> 6.0)
    - "GoogleUtilities/NSData+zlib (~> 6.0)"
    - nanopb (= 0.3.9011)
  - GoogleDataTransport (3.2.0)
  - GoogleDataTransportCCTSupport (1.2.3):
    - GoogleDataTransport (~> 3.2)
    - nanopb (~> 0.3.901)
  - GoogleToolboxForMac/Defines (2.2.2)
  - GoogleToolboxForMac/Logger (2.2.2):
    - GoogleToolboxForMac/Defines (= 2.2.2)
  - "GoogleToolboxForMac/NSData+zlib (2.2.2)":
    - GoogleToolboxForMac/Defines (= 2.2.2)
  - GoogleUtilities/AppDelegateSwizzler (6.4.0):
    - GoogleUtilities/Environment
    - GoogleUtilities/Logger
    - GoogleUtilities/Network
  - GoogleUtilities/Environment (6.4.0)
  - GoogleUtilities/ISASwizzler (6.4.0)
  - GoogleUtilities/Logger (6.4.0):
    - GoogleUtilities/Environment
  - GoogleUtilities/MethodSwizzler (6.4.0):
    - GoogleUtilities/Logger
  - GoogleUtilities/Network (6.4.0):
    - GoogleUtilities/Logger
    - "GoogleUtilities/NSData+zlib"
    - GoogleUtilities/Reachability
  - "GoogleUtilities/NSData+zlib (6.4.0)"
  - GoogleUtilities/Reachability (6.4.0):
    - GoogleUtilities/Logger
  - GoogleUtilities/UserDefaults (6.4.0):
    - GoogleUtilities/Logger
  - GTMSessionFetcher/Core (1.3.0)
  - imglyKit (10.7.0)
  - IQKeyboardManagerSwift (6.5.4)
  - nanopb (0.3.9011):
    - nanopb/decode (= 0.3.9011)
    - nanopb/encode (= 0.3.9011)
  - nanopb/decode (0.3.9011)
  - nanopb/encode (0.3.9011)
  - Nuke (8.4.0)
  - NVActivityIndicatorView (4.8.0):
    - NVActivityIndicatorView/Presenter (= 4.8.0)
  - NVActivityIndicatorView/Presenter (4.8.0)
  - PhotoEditorSDK (10.7.0):
    - imglyKit (= 10.7.0)
  - Protobuf (3.11.2)
  - RxCocoa (5.0.1):
    - RxRelay (~> 5)
    - RxSwift (~> 5)
  - RxDataSources (4.0.1):
    - Differentiator (~> 4.0)
    - RxCocoa (~> 5.0)
    - RxSwift (~> 5.0)
  - RxFeedback (3.0.0):
    - RxCocoa (~> 5.0)
    - RxSwift (~> 5.0)
  - RxGesture (3.0.1):
    - RxCocoa (~> 5.0)
    - RxSwift (~> 5.0)
  - RxNuke (0.11.0):
    - Nuke (~> 8.0)
    - RxSwift (~> 5.0)
  - RxRelay (5.0.1):
    - RxSwift (~> 5)
  - RxSwift (5.0.1)
  - RxSwiftExt (5.2.0):
    - RxSwiftExt/Core (= 5.2.0)
    - RxSwiftExt/RxCocoa (= 5.2.0)
  - RxSwiftExt/Core (5.2.0):
    - RxSwift (~> 5.0)
  - RxSwiftExt/RxCocoa (5.2.0):
    - RxCocoa (~> 5.0)
    - RxSwiftExt/Core
  - SwiftKeychainWrapper (3.4.0)
  - SwiftLint (0.38.0)
  - UIImageColors (2.1.0)

DEPENDENCIES:
  - Action
  - Crashlytics
  - Device
  - EmptyStateKit
  - Fabric
  - FBSDKCoreKit/Swift
  - FBSDKLoginKit/Swift
  - FBSDKShareKit/Swift
  - Firebase/Analytics
  - Firebase/Core
  - Firebase/Messaging
  - Firebase/Performance
  - FlexColorPicker
  - Former
  - IQKeyboardManagerSwift
  - Nuke
  - NVActivityIndicatorView
  - PhotoEditorSDK
  - RxCocoa
  - RxDataSources
  - RxFeedback
  - RxGesture
  - RxNuke
  - RxSwift
  - RxSwiftExt
  - SwiftKeychainWrapper
  - SwiftLint
  - UIImageColors

SPEC REPOS:
  trunk:
    - Action
    - Crashlytics
    - Device
    - Differentiator
    - EmptyStateKit
    - Fabric
    - FBSDKCoreKit
    - FBSDKLoginKit
    - FBSDKShareKit
    - Firebase
    - FirebaseABTesting
    - FirebaseAnalytics
    - FirebaseAnalyticsInterop
    - FirebaseCore
    - FirebaseCoreDiagnostics
    - FirebaseCoreDiagnosticsInterop
    - FirebaseInstanceID
    - FirebaseMessaging
    - FirebasePerformance
    - FirebaseRemoteConfig
    - FlexColorPicker
    - Former
    - GoogleAppMeasurement
    - GoogleDataTransport
    - GoogleDataTransportCCTSupport
    - GoogleToolboxForMac
    - GoogleUtilities
    - GTMSessionFetcher
    - imglyKit
    - IQKeyboardManagerSwift
    - nanopb
    - Nuke
    - NVActivityIndicatorView
    - PhotoEditorSDK
    - Protobuf
    - RxCocoa
    - RxDataSources
    - RxFeedback
    - RxGesture
    - RxNuke
    - RxRelay
    - RxSwift
    - RxSwiftExt
    - SwiftKeychainWrapper
    - SwiftLint
    - UIImageColors

SPEC CHECKSUMS:
  Action: 0d14986aad0f1330aa27ce65d0cdeaacbb63d91c
  Crashlytics: 540b7e5f5da5a042647227a5e3ac51d85eed06df
  Device: 0738862dd8a30856b4bd9e21cb9b728873d21392
  Differentiator: 886080237d9f87f322641dedbc5be257061b0602
  EmptyStateKit: dc41e9ce5c6089f67a49d063bce73ade9f2ba73f
  Fabric: 706c8b8098fff96c33c0db69cbf81f9c551d0d74
  FBSDKCoreKit: 8fb98209109fb684937f05d534305edb18c20207
  FBSDKLoginKit: c7c6ffd9ca9ea45aee32361840af040ad8f6706a
  FBSDKShareKit: 8a0e4d7172c7b706991c834cff2bf74e7b4726e3
  Firebase: 0219bb4782eb1406f1b9b0628a2e625484ce910d
  FirebaseABTesting: 0d10f3cdc3fa00f3f175b5b56c1003c8e888299f
  FirebaseAnalytics: f68b9f3f1241385129ae0a83b63627fc420c05e5
  FirebaseAnalyticsInterop: d48b6ab67bcf016a05e55b71fc39c61c0cb6b7f3
  FirebaseCore: 632e05cc5e1199d9147122c16d92305eb04c34bd
  FirebaseCoreDiagnostics: 511f4f3ed7d440bb69127e8b97c2bc8befae639e
  FirebaseCoreDiagnosticsInterop: e9b1b023157e3a2fc6418b5cb601e79b9af7b3a0
  FirebaseInstanceID: ce993a3c3670a8f5d47ce371ac5d143c560608c5
  FirebaseMessaging: 089b7a4991425783384acc8bcefcd78c0af913bd
  FirebasePerformance: 2e87ffeddb75169f5c86ffbcd86ea88636c532c7
  FirebaseRemoteConfig: c11d74d8b1ff8463b587fc8899d92ee089f9a691
  FlexColorPicker: e627af3d744786378ae65e53214528cc31105921
  Former: f9925f4e72ddd1f49ad537e7fcaeee968e6643cd
  GoogleAppMeasurement: db118eb61a97dd8c4f7014e368d3c335cbbcf80a
  GoogleDataTransport: 8e9b210c97d55fbff306cc5468ff91b9cb32dcf5
  GoogleDataTransportCCTSupport: 202d7cdf9c4a7d81a2bb7f7e7e1ba6faa421b1f2
  GoogleToolboxForMac: 800648f8b3127618c1b59c7f97684427630c5ea3
  GoogleUtilities: 29bd0d8f850efbd28cff6d99e8b7da1f8d236bcf
  GTMSessionFetcher: 43b8b64263023d4f32caa0b40f4c8bfa3c5f36d8
  imglyKit: 3e685afc813bf6b2649f390a4aeab151dda2c358
  IQKeyboardManagerSwift: 2dde0fc70110e8eac7ccce2a46fdbec6a850b414
  nanopb: 18003b5e52dab79db540fe93fe9579f399bd1ccd
  Nuke: fa6f784c4f7e1c0f9313668510186c68b7af2509
  NVActivityIndicatorView: d24b7ebcf80af5dcd994adb650e2b6c93379270f
  PhotoEditorSDK: 3b97c7d8fd0ec751611618fd9446a0896bcb7532
  Protobuf: dd1aaea7140debfe4dd0683fb8ef208e527ae153
  RxCocoa: e741b9749968e8a143e2b787f1dfbff2b63d0a5c
  RxDataSources: efee07fa4de48477eca0a4611e6d11e2da9c1114
  RxFeedback: 4260d8dad5bba28b182c0b9ff5bce68c260de183
  RxGesture: a3f8dd6adf078110ed5e1c9c30d09d705a09852e
  RxNuke: 7c56f40f26bc3ec715cff5f5355119ca7989b010
  RxRelay: 89d54507f4fd4d969e6ec1d4bd7f3673640b4640
  RxSwift: e2dc62b366a3adf6a0be44ba9f405efd4c94e0c4
  RxSwiftExt: 4ca80336f43c28f11a2825cdd2fc61dd6c044697
  SwiftKeychainWrapper: 6fc49fbf7d4a6b0772917acb0e53a1639f6078d6
  SwiftLint: 4105f061f9812b214568b736dab580ab2c73a582
  UIImageColors: d2ef3b0877d203cbb06489eeb78ea8b7788caabe

PODFILE CHECKSUM: fddfb77a2547eaf0c615c748cd1b522276e650c7

COCOAPODS: 1.8.4
